
Microsoft Visual Studio Solution File, Format Version 12.00
# Visual Studio Version 17
VisualStudioVersion = 17.5.33516.290
MinimumVisualStudioVersion = 10.0.40219.1
Project("{FAE04EC0-301F-11D3-BF4B-00C04F79EFBC}") = "25.04_dz", "25.04_dz.csproj", "{F02D7D9C-BC50-49CC-8BA5-B3B3D654D60B}"
EndProject
Global
	GlobalSection(SolutionConfigurationPlatforms) = preSolution
		Debug|Any CPU = Debug|Any CPU
		Release|Any CPU = Release|Any CPU
	EndGlobalSection
	GlobalSection(ProjectConfigurationPlatforms) = postSolution
		{F02D7D9C-BC50-49CC-8BA5-B3B3D654D60B}.Debug|Any CPU.ActiveCfg = Debug|Any CPU
		{F02D7D9C-BC50-49CC-8BA5-B3B3D654D60B}.Debug|Any CPU.Build.0 = Debug|Any CPU
		{F02D7D9C-BC50-49CC-8BA5-B3B3D654D60B}.Release|Any CPU.ActiveCfg = Release|Any CPU
		{F02D7D9C-BC50-49CC-8BA5-B3B3D654D60B}.Release|Any CPU.Build.0 = Release|Any CPU
	EndGlobalSection
	GlobalSection(SolutionProperties) = preSolution
		HideSolutionNode = FALSE
	EndGlobalSection
	GlobalSection(ExtensibilityGlobals) = postSolution
		SolutionGuid = {1B627CBA-30BC-42F8-97D6-7010DE3FB092}
	EndGlobalSection
EndGlobal
